// !$*UTF8*$!
{
	archiveVersion = 1;
	classes = {
	};
	objectVersion = 50;
	objects = {

/* Begin PBXBuildFile section */
		C727FCF1234DB17C00C9CE3A /* AppDelegate.swift in Sources */ = {isa = PBXBuildFile; fileRef = C727FCF0234DB17C00C9CE3A /* AppDelegate.swift */; };
		C727FCF3234DB17C00C9CE3A /* ViewController.swift in Sources */ = {isa = PBXBuildFile; fileRef = C727FCF2234DB17C00C9CE3A /* ViewController.swift */; };
		C727FCF6234DB17C00C9CE3A /* Main.storyboard in Resources */ = {isa = PBXBuildFile; fileRef = C727FCF4234DB17C00C9CE3A /* Main.storyboard */; };
		C727FCF8234DB18D00C9CE3A /* Assets.xcassets in Resources */ = {isa = PBXBuildFile; fileRef = C727FCF7234DB18D00C9CE3A /* Assets.xcassets */; };
		C727FCFB234DB18D00C9CE3A /* LaunchScreen.storyboard in Resources */ = {isa = PBXBuildFile; fileRef = C727FCF9234DB18D00C9CE3A /* LaunchScreen.storyboard */; };
		C727FD06234DB18D00C9CE3A /* WeatherAppUITests.swift in Sources */ = {isa = PBXBuildFile; fileRef = C727FD05234DB18D00C9CE3A /* WeatherAppUITests.swift */; };
		C727FD11234DB1E200C9CE3A /* CurrentWeatherViewController.swift in Sources */ = {isa = PBXBuildFile; fileRef = C727FD10234DB1E200C9CE3A /* CurrentWeatherViewController.swift */; };
		C727FD13234DB1F600C9CE3A /* CurrentWeatherView.xib in Resources */ = {isa = PBXBuildFile; fileRef = C727FD12234DB1F600C9CE3A /* CurrentWeatherView.xib */; };
		C727FD16234DB24A00C9CE3A /* ForecastViewController.swift in Sources */ = {isa = PBXBuildFile; fileRef = C727FD15234DB24A00C9CE3A /* ForecastViewController.swift */; };
		C727FD18234DB25700C9CE3A /* ForecastView.xib in Resources */ = {isa = PBXBuildFile; fileRef = C727FD17234DB25700C9CE3A /* ForecastView.xib */; };
		C727FD1B234DB27800C9CE3A /* CityForecastViewController.swift in Sources */ = {isa = PBXBuildFile; fileRef = C727FD1A234DB27800C9CE3A /* CityForecastViewController.swift */; };
		C727FD1D234DB28700C9CE3A /* CityForecastView.xib in Resources */ = {isa = PBXBuildFile; fileRef = C727FD1C234DB28700C9CE3A /* CityForecastView.xib */; };
		C727FD20234DBFFF00C9CE3A /* WeatherDataController.swift in Sources */ = {isa = PBXBuildFile; fileRef = C727FD1F234DBFFF00C9CE3A /* WeatherDataController.swift */; };
		C727FD22234DEE8F00C9CE3A /* WeatherDataModel.swift in Sources */ = {isa = PBXBuildFile; fileRef = C727FD21234DEE8F00C9CE3A /* WeatherDataModel.swift */; };
/* End PBXBuildFile section */

/* Begin PBXContainerItemProxy section */
		C727FD02234DB18D00C9CE3A /* PBXContainerItemProxy */ = {
			isa = PBXContainerItemProxy;
			containerPortal = C727FCE5234DB17B00C9CE3A /* Project object */;
			proxyType = 1;
			remoteGlobalIDString = C727FCEC234DB17C00C9CE3A;
			remoteInfo = WeatherApp;
		};
/* End PBXContainerItemProxy section */

/* Begin PBXFileReference section */
		C727FCED234DB17C00C9CE3A /* WeatherApp.app */ = {isa = PBXFileReference; explicitFileType = wrapper.application; includeInIndex = 0; path = WeatherApp.app; sourceTree = BUILT_PRODUCTS_DIR; };
		C727FCF0234DB17C00C9CE3A /* AppDelegate.swift */ = {isa = PBXFileReference; lastKnownFileType = sourcecode.swift; path = AppDelegate.swift; sourceTree = "<group>"; };
		C727FCF2234DB17C00C9CE3A /* ViewController.swift */ = {isa = PBXFileReference; lastKnownFileType = sourcecode.swift; path = ViewController.swift; sourceTree = "<group>"; };
		C727FCF5234DB17C00C9CE3A /* Base */ = {isa = PBXFileReference; lastKnownFileType = file.storyboard; name = Base; path = Base.lproj/Main.storyboard; sourceTree = "<group>"; };
		C727FCF7234DB18D00C9CE3A /* Assets.xcassets */ = {isa = PBXFileReference; lastKnownFileType = folder.assetcatalog; path = Assets.xcassets; sourceTree = "<group>"; };
		C727FCFA234DB18D00C9CE3A /* Base */ = {isa = PBXFileReference; lastKnownFileType = file.storyboard; name = Base; path = Base.lproj/LaunchScreen.storyboard; sourceTree = "<group>"; };
		C727FCFC234DB18D00C9CE3A /* Info.plist */ = {isa = PBXFileReference; lastKnownFileType = text.plist.xml; path = Info.plist; sourceTree = "<group>"; };
		C727FD01234DB18D00C9CE3A /* WeatherAppUITests.xctest */ = {isa = PBXFileReference; explicitFileType = wrapper.cfbundle; includeInIndex = 0; path = WeatherAppUITests.xctest; sourceTree = BUILT_PRODUCTS_DIR; };
		C727FD05234DB18D00C9CE3A /* WeatherAppUITests.swift */ = {isa = PBXFileReference; lastKnownFileType = sourcecode.swift; path = WeatherAppUITests.swift; sourceTree = "<group>"; };
		C727FD07234DB18D00C9CE3A /* Info.plist */ = {isa = PBXFileReference; lastKnownFileType = text.plist.xml; path = Info.plist; sourceTree = "<group>"; };
		C727FD10234DB1E200C9CE3A /* CurrentWeatherViewController.swift */ = {isa = PBXFileReference; lastKnownFileType = sourcecode.swift; path = CurrentWeatherViewController.swift; sourceTree = "<group>"; };
		C727FD12234DB1F600C9CE3A /* CurrentWeatherView.xib */ = {isa = PBXFileReference; lastKnownFileType = file.xib; path = CurrentWeatherView.xib; sourceTree = "<group>"; };
		C727FD15234DB24A00C9CE3A /* ForecastViewController.swift */ = {isa = PBXFileReference; lastKnownFileType = sourcecode.swift; path = ForecastViewController.swift; sourceTree = "<group>"; };
		C727FD17234DB25700C9CE3A /* ForecastView.xib */ = {isa = PBXFileReference; lastKnownFileType = file.xib; path = ForecastView.xib; sourceTree = "<group>"; };
		C727FD1A234DB27800C9CE3A /* CityForecastViewController.swift */ = {isa = PBXFileReference; lastKnownFileType = sourcecode.swift; path = CityForecastViewController.swift; sourceTree = "<group>"; };
		C727FD1C234DB28700C9CE3A /* CityForecastView.xib */ = {isa = PBXFileReference; lastKnownFileType = file.xib; path = CityForecastView.xib; sourceTree = "<group>"; };
		C727FD1F234DBFFF00C9CE3A /* WeatherDataController.swift */ = {isa = PBXFileReference; lastKnownFileType = sourcecode.swift; path = WeatherDataController.swift; sourceTree = "<group>"; };
		C727FD21234DEE8F00C9CE3A /* WeatherDataModel.swift */ = {isa = PBXFileReference; lastKnownFileType = sourcecode.swift; path = WeatherDataModel.swift; sourceTree = "<group>"; };
/* End PBXFileReference section */

/* Begin PBXFrameworksBuildPhase section */
		C727FCEA234DB17C00C9CE3A /* Frameworks */ = {
			isa = PBXFrameworksBuildPhase;
			buildActionMask = 2147483647;
			files = (
			);
			runOnlyForDeploymentPostprocessing = 0;
		};
		C727FCFE234DB18D00C9CE3A /* Frameworks */ = {
			isa = PBXFrameworksBuildPhase;
			buildActionMask = 2147483647;
			files = (
			);
			runOnlyForDeploymentPostprocessing = 0;
		};
/* End PBXFrameworksBuildPhase section */

/* Begin PBXGroup section */
		C727FCE4234DB17B00C9CE3A = {
			isa = PBXGroup;
			children = (
				C727FCEF234DB17C00C9CE3A /* WeatherApp */,
				C727FD04234DB18D00C9CE3A /* WeatherAppUITests */,
				C727FCEE234DB17C00C9CE3A /* Products */,
			);
			sourceTree = "<group>";
		};
		C727FCEE234DB17C00C9CE3A /* Products */ = {
			isa = PBXGroup;
			children = (
				C727FCED234DB17C00C9CE3A /* WeatherApp.app */,
				C727FD01234DB18D00C9CE3A /* WeatherAppUITests.xctest */,
			);
			name = Products;
			sourceTree = "<group>";
		};
		C727FCEF234DB17C00C9CE3A /* WeatherApp */ = {
			isa = PBXGroup;
			children = (
				C727FCF0234DB17C00C9CE3A /* AppDelegate.swift */,
				C727FCF2234DB17C00C9CE3A /* ViewController.swift */,
				C727FCF4234DB17C00C9CE3A /* Main.storyboard */,
				C727FCF7234DB18D00C9CE3A /* Assets.xcassets */,
				C727FCF9234DB18D00C9CE3A /* LaunchScreen.storyboard */,
				C727FCFC234DB18D00C9CE3A /* Info.plist */,
				C727FD14234DB22500C9CE3A /* CurrentWeather */,
				C727FD19234DB25D00C9CE3A /* Forecast */,
				C727FD1E234DB28F00C9CE3A /* CityForecast */,
				C727FD1F234DBFFF00C9CE3A /* WeatherDataController.swift */,
				C727FD21234DEE8F00C9CE3A /* WeatherDataModel.swift */,
			);
			path = WeatherApp;
			sourceTree = "<group>";
		};
		C727FD04234DB18D00C9CE3A /* WeatherAppUITests */ = {
			isa = PBXGroup;
			children = (
				C727FD05234DB18D00C9CE3A /* WeatherAppUITests.swift */,
				C727FD07234DB18D00C9CE3A /* Info.plist */,
			);
			path = WeatherAppUITests;
			sourceTree = "<group>";
		};
		C727FD14234DB22500C9CE3A /* CurrentWeather */ = {
			isa = PBXGroup;
			children = (
				C727FD10234DB1E200C9CE3A /* CurrentWeatherViewController.swift */,
				C727FD12234DB1F600C9CE3A /* CurrentWeatherView.xib */,
			);
			path = CurrentWeather;
			sourceTree = "<group>";
		};
		C727FD19234DB25D00C9CE3A /* Forecast */ = {
			isa = PBXGroup;
			children = (
				C727FD15234DB24A00C9CE3A /* ForecastViewController.swift */,
				C727FD17234DB25700C9CE3A /* ForecastView.xib */,
			);
			path = Forecast;
			sourceTree = "<group>";
		};
		C727FD1E234DB28F00C9CE3A /* CityForecast */ = {
			isa = PBXGroup;
			children = (
				C727FD1A234DB27800C9CE3A /* CityForecastViewController.swift */,
				C727FD1C234DB28700C9CE3A /* CityForecastView.xib */,
			);
			path = CityForecast;
			sourceTree = "<group>";
		};
/* End PBXGroup section */

/* Begin PBXNativeTarget section */
		C727FCEC234DB17C00C9CE3A /* WeatherApp */ = {
			isa = PBXNativeTarget;
			buildConfigurationList = C727FD0A234DB18D00C9CE3A /* Build configuration list for PBXNativeTarget "WeatherApp" */;
			buildPhases = (
				C727FCE9234DB17C00C9CE3A /* Sources */,
				C727FCEA234DB17C00C9CE3A /* Frameworks */,
				C727FCEB234DB17C00C9CE3A /* Resources */,
			);
			buildRules = (
			);
			dependencies = (
			);
			name = WeatherApp;
			productName = WeatherApp;
			productReference = C727FCED234DB17C00C9CE3A /* WeatherApp.app */;
			productType = "com.apple.product-type.application";
		};
		C727FD00234DB18D00C9CE3A /* WeatherAppUITests */ = {
			isa = PBXNativeTarget;
			buildConfigurationList = C727FD0D234DB18D00C9CE3A /* Build configuration list for PBXNativeTarget "WeatherAppUITests" */;
			buildPhases = (
				C727FCFD234DB18D00C9CE3A /* Sources */,
				C727FCFE234DB18D00C9CE3A /* Frameworks */,
				C727FCFF234DB18D00C9CE3A /* Resources */,
			);
			buildRules = (
			);
			dependencies = (
				C727FD03234DB18D00C9CE3A /* PBXTargetDependency */,
			);
			name = WeatherAppUITests;
			productName = WeatherAppUITests;
			productReference = C727FD01234DB18D00C9CE3A /* WeatherAppUITests.xctest */;
			productType = "com.apple.product-type.bundle.ui-testing";
		};
/* End PBXNativeTarget section */

/* Begin PBXProject section */
		C727FCE5234DB17B00C9CE3A /* Project object */ = {
			isa = PBXProject;
			attributes = {
				LastSwiftUpdateCheck = 1010;
				LastUpgradeCheck = 1010;
				ORGANIZATIONNAME = "Lauri Laiho";
				TargetAttributes = {
					C727FCEC234DB17C00C9CE3A = {
						CreatedOnToolsVersion = 10.1;
					};
					C727FD00234DB18D00C9CE3A = {
						CreatedOnToolsVersion = 10.1;
						TestTargetID = C727FCEC234DB17C00C9CE3A;
					};
				};
			};
			buildConfigurationList = C727FCE8234DB17B00C9CE3A /* Build configuration list for PBXProject "WeatherApp" */;
			compatibilityVersion = "Xcode 9.3";
			developmentRegion = en;
			hasScannedForEncodings = 0;
			knownRegions = (
				en,
				Base,
			);
			mainGroup = C727FCE4234DB17B00C9CE3A;
			productRefGroup = C727FCEE234DB17C00C9CE3A /* Products */;
			projectDirPath = "";
			projectRoot = "";
			targets = (
				C727FCEC234DB17C00C9CE3A /* WeatherApp */,
				C727FD00234DB18D00C9CE3A /* WeatherAppUITests */,
			);
		};
/* End PBXProject section */

/* Begin PBXResourcesBuildPhase section */
		C727FCEB234DB17C00C9CE3A /* Resources */ = {
			isa = PBXResourcesBuildPhase;
			buildActionMask = 2147483647;
			files = (
				C727FCFB234DB18D00C9CE3A /* LaunchScreen.storyboard in Resources */,
				C727FD13234DB1F600C9CE3A /* CurrentWeatherView.xib in Resources */,
				C727FD1D234DB28700C9CE3A /* CityForecastView.xib in Resources */,
				C727FCF8234DB18D00C9CE3A /* Assets.xcassets in Resources */,
				C727FCF6234DB17C00C9CE3A /* Main.storyboard in Resources */,
				C727FD18234DB25700C9CE3A /* ForecastView.xib in Resources */,
			);
			runOnlyForDeploymentPostprocessing = 0;
		};
		C727FCFF234DB18D00C9CE3A /* Resources */ = {
			isa = PBXResourcesBuildPhase;
			buildActionMask = 2147483647;
			files = (
			);
			runOnlyForDeploymentPostprocessing = 0;
		};
/* End PBXResourcesBuildPhase section */

/* Begin PBXSourcesBuildPhase section */
		C727FCE9234DB17C00C9CE3A /* Sources */ = {
			isa = PBXSourcesBuildPhase;
			buildActionMask = 2147483647;
			files = (
				C727FCF3234DB17C00C9CE3A /* ViewController.swift in Sources */,
				C727FD16234DB24A00C9CE3A /* ForecastViewController.swift in Sources */,
				C727FD22234DEE8F00C9CE3A /* WeatherDataModel.swift in Sources */,
				C727FD20234DBFFF00C9CE3A /* WeatherDataController.swift in Sources */,
				C727FD1B234DB27800C9CE3A /* CityForecastViewController.swift in Sources */,
				C727FCF1234DB17C00C9CE3A /* AppDelegate.swift in Sources */,
				C727FD11234DB1E200C9CE3A /* CurrentWeatherViewController.swift in Sources */,
			);
			runOnlyForDeploymentPostprocessing = 0;
		};
		C727FCFD234DB18D00C9CE3A /* Sources */ = {
			isa = PBXSourcesBuildPhase;
			buildActionMask = 2147483647;
			files = (
				C727FD06234DB18D00C9CE3A /* WeatherAppUITests.swift in Sources */,
			);
			runOnlyForDeploymentPostprocessing = 0;
		};
/* End PBXSourcesBuildPhase section */

/* Begin PBXTargetDependency section */
		C727FD03234DB18D00C9CE3A /* PBXTargetDependency */ = {
			isa = PBXTargetDependency;
			target = C727FCEC234DB17C00C9CE3A /* WeatherApp */;
			targetProxy = C727FD02234DB18D00C9CE3A /* PBXContainerItemProxy */;
		};
/* End PBXTargetDependency section */

/* Begin PBXVariantGroup section */
		C727FCF4234DB17C00C9CE3A /* Main.storyboard */ = {
			isa = PBXVariantGroup;
			children = (
				C727FCF5234DB17C00C9CE3A /* Base */,
			);
			name = Main.storyboard;
			sourceTree = "<group>";
		};
		C727FCF9234DB18D00C9CE3A /* LaunchScreen.storyboard */ = {
			isa = PBXVariantGroup;
			children = (
				C727FCFA234DB18D00C9CE3A /* Base */,
			);
			name = LaunchScreen.storyboard;
			sourceTree = "<group>";
		};
/* End PBXVariantGroup section */

/* Begin XCBuildConfiguration section */
		C727FD08234DB18D00C9CE3A /* Debug */ = {
			isa = XCBuildConfiguration;
			buildSettings = {
				ALWAYS_SEARCH_USER_PATHS = NO;
				CLANG_ANALYZER_NONNULL = YES;
				CLANG_ANALYZER_NUMBER_OBJECT_CONVERSION = YES_AGGRESSIVE;
				CLANG_CXX_LANGUAGE_STANDARD = "gnu++14";
				CLANG_CXX_LIBRARY = "libc++";
				CLANG_ENABLE_MODULES = YES;
				CLANG_ENABLE_OBJC_ARC = YES;
				CLANG_ENABLE_OBJC_WEAK = YES;
				CLANG_WARN_BLOCK_CAPTURE_AUTORELEASING = YES;
				CLANG_WARN_BOOL_CONVERSION = YES;
				CLANG_WARN_COMMA = YES;
				CLANG_WARN_CONSTANT_CONVERSION = YES;
				CLANG_WARN_DEPRECATED_OBJC_IMPLEMENTATIONS = YES;
				CLANG_WARN_DIRECT_OBJC_ISA_USAGE = YES_ERROR;
				CLANG_WARN_DOCUMENTATION_COMMENTS = YES;
				CLANG_WARN_EMPTY_BODY = YES;
				CLANG_WARN_ENUM_CONVERSION = YES;
				CLANG_WARN_INFINITE_RECURSION = YES;
				CLANG_WARN_INT_CONVERSION = YES;
				CLANG_WARN_NON_LITERAL_NULL_CONVERSION = YES;
				CLANG_WARN_OBJC_IMPLICIT_RETAIN_SELF = YES;
				CLANG_WARN_OBJC_LITERAL_CONVERSION = YES;
				CLANG_WARN_OBJC_ROOT_CLASS = YES_ERROR;
				CLANG_WARN_RANGE_LOOP_ANALYSIS = YES;
				CLANG_WARN_STRICT_PROTOTYPES = YES;
				CLANG_WARN_SUSPICIOUS_MOVE = YES;
				CLANG_WARN_UNGUARDED_AVAILABILITY = YES_AGGRESSIVE;
				CLANG_WARN_UNREACHABLE_CODE = YES;
				CLANG_WARN__DUPLICATE_METHOD_MATCH = YES;
				CODE_SIGN_IDENTITY = "iPhone Developer";
				COPY_PHASE_STRIP = NO;
				DEBUG_INFORMATION_FORMAT = dwarf;
				ENABLE_STRICT_OBJC_MSGSEND = YES;
				ENABLE_TESTABILITY = YES;
				GCC_C_LANGUAGE_STANDARD = gnu11;
				GCC_DYNAMIC_NO_PIC = NO;
				GCC_NO_COMMON_BLOCKS = YES;
				GCC_OPTIMIZATION_LEVEL = 0;
				GCC_PREPROCESSOR_DEFINITIONS = (
					"DEBUG=1",
					"$(inherited)",
				);
				GCC_WARN_64_TO_32_BIT_CONVERSION = YES;
				GCC_WARN_ABOUT_RETURN_TYPE = YES_ERROR;
				GCC_WARN_UNDECLARED_SELECTOR = YES;
				GCC_WARN_UNINITIALIZED_AUTOS = YES_AGGRESSIVE;
				GCC_WARN_UNUSED_FUNCTION = YES;
				GCC_WARN_UNUSED_VARIABLE = YES;
				IPHONEOS_DEPLOYMENT_TARGET = 12.1;
				MTL_ENABLE_DEBUG_INFO = INCLUDE_SOURCE;
				MTL_FAST_MATH = YES;
				ONLY_ACTIVE_ARCH = YES;
				SDKROOT = iphoneos;
				SWIFT_ACTIVE_COMPILATION_CONDITIONS = DEBUG;
				SWIFT_OPTIMIZATION_LEVEL = "-Onone";
			};
			name = Debug;
		};
		C727FD09234DB18D00C9CE3A /* Release */ = {
			isa = XCBuildConfiguration;
			buildSettings = {
				ALWAYS_SEARCH_USER_PATHS = NO;
				CLANG_ANALYZER_NONNULL = YES;
				CLANG_ANALYZER_NUMBER_OBJECT_CONVERSION = YES_AGGRESSIVE;
				CLANG_CXX_LANGUAGE_STANDARD = "gnu++14";
				CLANG_CXX_LIBRARY = "libc++";
				CLANG_ENABLE_MODULES = YES;
				CLANG_ENABLE_OBJC_ARC = YES;
				CLANG_ENABLE_OBJC_WEAK = YES;
				CLANG_WARN_BLOCK_CAPTURE_AUTORELEASING = YES;
				CLANG_WARN_BOOL_CONVERSION = YES;
				CLANG_WARN_COMMA = YES;
				CLANG_WARN_CONSTANT_CONVERSION = YES;
				CLANG_WARN_DEPRECATED_OBJC_IMPLEMENTATIONS = YES;
				CLANG_WARN_DIRECT_OBJC_ISA_USAGE = YES_ERROR;
				CLANG_WARN_DOCUMENTATION_COMMENTS = YES;
				CLANG_WARN_EMPTY_BODY = YES;
				CLANG_WARN_ENUM_CONVERSION = YES;
				CLANG_WARN_INFINITE_RECURSION = YES;
				CLANG_WARN_INT_CONVERSION = YES;
				CLANG_WARN_NON_LITERAL_NULL_CONVERSION = YES;
				CLANG_WARN_OBJC_IMPLICIT_RETAIN_SELF = YES;
				CLANG_WARN_OBJC_LITERAL_CONVERSION = YES;
				CLANG_WARN_OBJC_ROOT_CLASS = YES_ERROR;
				CLANG_WARN_RANGE_LOOP_ANALYSIS = YES;
				CLANG_WARN_STRICT_PROTOTYPES = YES;
				CLANG_WARN_SUSPICIOUS_MOVE = YES;
				CLANG_WARN_UNGUARDED_AVAILABILITY = YES_AGGRESSIVE;
				CLANG_WARN_UNREACHABLE_CODE = YES;
				CLANG_WARN__DUPLICATE_METHOD_MATCH = YES;
				CODE_SIGN_IDENTITY = "iPhone Developer";
				COPY_PHASE_STRIP = NO;
				DEBUG_INFORMATION_FORMAT = "dwarf-with-dsym";
				ENABLE_NS_ASSERTIONS = NO;
				ENABLE_STRICT_OBJC_MSGSEND = YES;
				GCC_C_LANGUAGE_STANDARD = gnu11;
				GCC_NO_COMMON_BLOCKS = YES;
				GCC_WARN_64_TO_32_BIT_CONVERSION = YES;
				GCC_WARN_ABOUT_RETURN_TYPE = YES_ERROR;
				GCC_WARN_UNDECLARED_SELECTOR = YES;
				GCC_WARN_UNINITIALIZED_AUTOS = YES_AGGRESSIVE;
				GCC_WARN_UNUSED_FUNCTION = YES;
				GCC_WARN_UNUSED_VARIABLE = YES;
				IPHONEOS_DEPLOYMENT_TARGET = 12.1;
				MTL_ENABLE_DEBUG_INFO = NO;
				MTL_FAST_MATH = YES;
				SDKROOT = iphoneos;
				SWIFT_COMPILATION_MODE = wholemodule;
				SWIFT_OPTIMIZATION_LEVEL = "-O";
				VALIDATE_PRODUCT = YES;
			};
			name = Release;
		};
		C727FD0B234DB18D00C9CE3A /* Debug */ = {
			isa = XCBuildConfiguration;
			buildSettings = {
				ASSETCATALOG_COMPILER_APPICON_NAME = AppIcon;
				CODE_SIGN_STYLE = Automatic;
				INFOPLIST_FILE = WeatherApp/Info.plist;
				LD_RUNPATH_SEARCH_PATHS = (
					"$(inherited)",
					"@executable_path/Frameworks",
				);
				PRODUCT_BUNDLE_IDENTIFIER = fi.tamk.laiho.WeatherApp;
				PRODUCT_NAME = "$(TARGET_NAME)";
				SWIFT_VERSION = 4.2;
				TARGETED_DEVICE_FAMILY = "1,2";
			};
			name = Debug;
		};
		C727FD0C234DB18D00C9CE3A /* Release */ = {
			isa = XCBuildConfiguration;
			buildSettings = {
				ASSETCATALOG_COMPILER_APPICON_NAME = AppIcon;
				CODE_SIGN_STYLE = Automatic;
				INFOPLIST_FILE = WeatherApp/Info.plist;
				LD_RUNPATH_SEARCH_PATHS = (
					"$(inherited)",
					"@executable_path/Frameworks",
				);
				PRODUCT_BUNDLE_IDENTIFIER = fi.tamk.laiho.WeatherApp;
				PRODUCT_NAME = "$(TARGET_NAME)";
				SWIFT_VERSION = 4.2;
				TARGETED_DEVICE_FAMILY = "1,2";
			};
			name = Release;
		};
		C727FD0E234DB18D00C9CE3A /* Debug */ = {
			isa = XCBuildConfiguration;
			buildSettings = {
				ALWAYS_EMBED_SWIFT_STANDARD_LIBRARIES = YES;
				CODE_SIGN_STYLE = Automatic;
				INFOPLIST_FILE = WeatherAppUITests/Info.plist;
				LD_RUNPATH_SEARCH_PATHS = (
					"$(inherited)",
					"@executable_path/Frameworks",
					"@loader_path/Frameworks",
				);
				PRODUCT_BUNDLE_IDENTIFIER = fi.tamk.laiho.WeatherAppUITests;
				PRODUCT_NAME = "$(TARGET_NAME)";
				SWIFT_VERSION = 4.2;
				TARGETED_DEVICE_FAMILY = "1,2";
				TEST_TARGET_NAME = WeatherApp;
			};
			name = Debug;
		};
		C727FD0F234DB18D00C9CE3A /* Release */ = {
			isa = XCBuildConfiguration;
			buildSettings = {
				ALWAYS_EMBED_SWIFT_STANDARD_LIBRARIES = YES;
				CODE_SIGN_STYLE = Automatic;
				INFOPLIST_FILE = WeatherAppUITests/Info.plist;
				LD_RUNPATH_SEARCH_PATHS = (
					"$(inherited)",
					"@executable_path/Frameworks",
					"@loader_path/Frameworks",
				);
				PRODUCT_BUNDLE_IDENTIFIER = fi.tamk.laiho.WeatherAppUITests;
				PRODUCT_NAME = "$(TARGET_NAME)";
				SWIFT_VERSION = 4.2;
				TARGETED_DEVICE_FAMILY = "1,2";
				TEST_TARGET_NAME = WeatherApp;
			};
			name = Release;
		};
/* End XCBuildConfiguration section */

/* Begin XCConfigurationList section */
		C727FCE8234DB17B00C9CE3A /* Build configuration list for PBXProject "WeatherApp" */ = {
			isa = XCConfigurationList;
			buildConfigurations = (
				C727FD08234DB18D00C9CE3A /* Debug */,
				C727FD09234DB18D00C9CE3A /* Release */,
			);
			defaultConfigurationIsVisible = 0;
			defaultConfigurationName = Release;
		};
		C727FD0A234DB18D00C9CE3A /* Build configuration list for PBXNativeTarget "WeatherApp" */ = {
			isa = XCConfigurationList;
			buildConfigurations = (
				C727FD0B234DB18D00C9CE3A /* Debug */,
				C727FD0C234DB18D00C9CE3A /* Release */,
			);
			defaultConfigurationIsVisible = 0;
			defaultConfigurationName = Release;
		};
		C727FD0D234DB18D00C9CE3A /* Build configuration list for PBXNativeTarget "WeatherAppUITests" */ = {
			isa = XCConfigurationList;
			buildConfigurations = (
				C727FD0E234DB18D00C9CE3A /* Debug */,
				C727FD0F234DB18D00C9CE3A /* Release */,
			);
			defaultConfigurationIsVisible = 0;
			defaultConfigurationName = Release;
		};
/* End XCConfigurationList section */
	};
	rootObject = C727FCE5234DB17B00C9CE3A /* Project object */;
}
